{
    "_readme": [
        "This file locks the dependencies of your project to a known state",
        "Read more about it at https://getcomposer.org/doc/01-basic-usage.md#composer-lock-the-lock-file",
        "This file is @generated automatically"
    ],
    "hash": "c2f4be7259f7259e6722e460d8a98e48",
    "content-hash": "7f7b25ba23aaeb65bbe8a05cf898c386",
    "packages": [
        {
            "name": "smarty/smarty",
            "version": "v2.6.28",
            "source": {
                "type": "git",
                "url": "https://github.com/smarty-php/smarty.git",
                "reference": "0ecdd6c41d0de08cba846087abd02a9adb5218e5"
            },
            "dist": {
                "type": "zip",
                "url": "https://api.github.com/repos/smarty-php/smarty/zipball/0ecdd6c41d0de08cba846087abd02a9adb5218e5",
                "reference": "0ecdd6c41d0de08cba846087abd02a9adb5218e5",
                "shasum": ""
            },
            "require": {
                "php": ">=5.2"
            },
            "type": "library",
            "extra": {
                "branch-alias": {
                    "dev-master": "2.6.x-dev"
                }
            },
            "autoload": {
                "classmap": [
                    "libs/Smarty.class.php",
                    "libs/Smarty_Compiler.class.php",
                    "libs/Config_File.class.php"
                ]
            },
            "notification-url": "https://packagist.org/downloads/",
            "license": [
                "LGPL-3.0"
            ],
            "authors": [
                {
                    "name": "Monte Ohrt",
                    "email": "monte@ohrt.com"
                },
                {
                    "name": "Uwe Tews",
                    "email": "uwe.tews@googlemail.com"
                }
            ],
            "description": "Smarty - the compiling PHP template engine",
            "homepage": "http://www.smarty.net",
            "keywords": [
                "templating"
            ],
            "time": "2014-10-31 00:07:20"
        }
    ],
    "packages-dev": [],
    "aliases": [],
    "minimum-stability": "stable",
    "stability-flags": [],
    "prefer-stable": false,
    "prefer-lowest": false,
    "platform": [],
    "platform-dev": []
}
